// !$*UTF8*$!
{
	archiveVersion = 1;
	classes = {
	};
	objectVersion = 55;
	objects = {

/* Begin PBXBuildFile section */
		84790A5427FE167E00E8E450 /* AppDelegate.swift in Sources */ = {isa = PBXBuildFile; fileRef = 84790A5327FE167E00E8E450 /* AppDelegate.swift */; };
		84790A5627FE167E00E8E450 /* GameScene.sks in Resources */ = {isa = PBXBuildFile; fileRef = 84790A5527FE167E00E8E450 /* GameScene.sks */; };
		84790A5827FE167E00E8E450 /* Actions.sks in Resources */ = {isa = PBXBuildFile; fileRef = 84790A5727FE167E00E8E450 /* Actions.sks */; };
		84790A5A27FE167E00E8E450 /* GameScene.swift in Sources */ = {isa = PBXBuildFile; fileRef = 84790A5927FE167E00E8E450 /* GameScene.swift */; };
		84790A5C27FE167E00E8E450 /* ViewController.swift in Sources */ = {isa = PBXBuildFile; fileRef = 84790A5B27FE167E00E8E450 /* ViewController.swift */; };
		84790A5E27FE168000E8E450 /* Assets.xcassets in Resources */ = {isa = PBXBuildFile; fileRef = 84790A5D27FE168000E8E450 /* Assets.xcassets */; };
		84790A6127FE168000E8E450 /* Main.storyboard in Resources */ = {isa = PBXBuildFile; fileRef = 84790A5F27FE168000E8E450 /* Main.storyboard */; };
		849D123E28032A7F00535BE2 /* CGVector+Extension.swift in Sources */ = {isa = PBXBuildFile; fileRef = 849D123D28032A7F00535BE2 /* CGVector+Extension.swift */; };
		849D124028032AB700535BE2 /* CGPoint+Extension.swift in Sources */ = {isa = PBXBuildFile; fileRef = 849D123F28032AB700535BE2 /* CGPoint+Extension.swift */; };
		849D124228032BA800535BE2 /* Boids.swift in Sources */ = {isa = PBXBuildFile; fileRef = 849D124128032BA800535BE2 /* Boids.swift */; };
/* End PBXBuildFile section */

/* Begin PBXFileReference section */
		84790A5027FE167E00E8E450 /* BoidSimulate.app */ = {isa = PBXFileReference; explicitFileType = wrapper.application; includeInIndex = 0; path = BoidSimulate.app; sourceTree = BUILT_PRODUCTS_DIR; };
		84790A5327FE167E00E8E450 /* AppDelegate.swift */ = {isa = PBXFileReference; lastKnownFileType = sourcecode.swift; path = AppDelegate.swift; sourceTree = "<group>"; };
		84790A5527FE167E00E8E450 /* GameScene.sks */ = {isa = PBXFileReference; lastKnownFileType = file.sks; path = GameScene.sks; sourceTree = "<group>"; };
		84790A5727FE167E00E8E450 /* Actions.sks */ = {isa = PBXFileReference; lastKnownFileType = file.sks; path = Actions.sks; sourceTree = "<group>"; };
		84790A5927FE167E00E8E450 /* GameScene.swift */ = {isa = PBXFileReference; lastKnownFileType = sourcecode.swift; path = GameScene.swift; sourceTree = "<group>"; };
		84790A5B27FE167E00E8E450 /* ViewController.swift */ = {isa = PBXFileReference; lastKnownFileType = sourcecode.swift; path = ViewController.swift; sourceTree = "<group>"; };
		84790A5D27FE168000E8E450 /* Assets.xcassets */ = {isa = PBXFileReference; lastKnownFileType = folder.assetcatalog; path = Assets.xcassets; sourceTree = "<group>"; };
		84790A6027FE168000E8E450 /* Base */ = {isa = PBXFileReference; lastKnownFileType = file.storyboard; name = Base; path = Base.lproj/Main.storyboard; sourceTree = "<group>"; };
		84790A6227FE168000E8E450 /* BoidSimulate.entitlements */ = {isa = PBXFileReference; lastKnownFileType = text.plist.entitlements; path = BoidSimulate.entitlements; sourceTree = "<group>"; };
		849D123D28032A7F00535BE2 /* CGVector+Extension.swift */ = {isa = PBXFileReference; lastKnownFileType = sourcecode.swift; path = "CGVector+Extension.swift"; sourceTree = "<group>"; };
		849D123F28032AB700535BE2 /* CGPoint+Extension.swift */ = {isa = PBXFileReference; lastKnownFileType = sourcecode.swift; path = "CGPoint+Extension.swift"; sourceTree = "<group>"; };
		849D124128032BA800535BE2 /* Boids.swift */ = {isa = PBXFileReference; lastKnownFileType = sourcecode.swift; path = Boids.swift; sourceTree = "<group>"; };
/* End PBXFileReference section */

/* Begin PBXFrameworksBuildPhase section */
		84790A4D27FE167E00E8E450 /* Frameworks */ = {
			isa = PBXFrameworksBuildPhase;
			buildActionMask = 2147483647;
			files = (
			);
			runOnlyForDeploymentPostprocessing = 0;
		};
/* End PBXFrameworksBuildPhase section */

/* Begin PBXGroup section */
		84790A4727FE167E00E8E450 = {
			isa = PBXGroup;
			children = (
				84790A5227FE167E00E8E450 /* BoidSimulate */,
				84790A5127FE167E00E8E450 /* Products */,
			);
			sourceTree = "<group>";
		};
		84790A5127FE167E00E8E450 /* Products */ = {
			isa = PBXGroup;
			children = (
				84790A5027FE167E00E8E450 /* BoidSimulate.app */,
			);
			name = Products;
			sourceTree = "<group>";
		};
		84790A5227FE167E00E8E450 /* BoidSimulate */ = {
			isa = PBXGroup;
			children = (
				84790A5327FE167E00E8E450 /* AppDelegate.swift */,
				84790A5527FE167E00E8E450 /* GameScene.sks */,
				84790A5727FE167E00E8E450 /* Actions.sks */,
				84790A5927FE167E00E8E450 /* GameScene.swift */,
				849D124128032BA800535BE2 /* Boids.swift */,
				849D123D28032A7F00535BE2 /* CGVector+Extension.swift */,
				849D123F28032AB700535BE2 /* CGPoint+Extension.swift */,
				84790A5B27FE167E00E8E450 /* ViewController.swift */,
				84790A5D27FE168000E8E450 /* Assets.xcassets */,
				84790A5F27FE168000E8E450 /* Main.storyboard */,
				84790A6227FE168000E8E450 /* BoidSimulate.entitlements */,
			);
			path = BoidSimulate;
			sourceTree = "<group>";
		};
/* End PBXGroup section */

/* Begin PBXNativeTarget section */
		84790A4F27FE167E00E8E450 /* BoidSimulate */ = {
			isa = PBXNativeTarget;
			buildConfigurationList = 84790A6527FE168000E8E450 /* Build configuration list for PBXNativeTarget "BoidSimulate" */;
			buildPhases = (
				84790A4C27FE167E00E8E450 /* Sources */,
				84790A4D27FE167E00E8E450 /* Frameworks */,
				84790A4E27FE167E00E8E450 /* Resources */,
			);
			buildRules = (
			);
			dependencies = (
			);
			name = BoidSimulate;
			productName = BoidSimulate;
			productReference = 84790A5027FE167E00E8E450 /* BoidSimulate.app */;
			productType = "com.apple.product-type.application";
		};
/* End PBXNativeTarget section */

/* Begin PBXProject section */
		84790A4827FE167E00E8E450 /* Project object */ = {
			isa = PBXProject;
			attributes = {
				BuildIndependentTargetsInParallel = 1;
				LastSwiftUpdateCheck = 1320;
				LastUpgradeCheck = 1320;
				TargetAttributes = {
					84790A4F27FE167E00E8E450 = {
						CreatedOnToolsVersion = 13.2.1;
					};
				};
			};
			buildConfigurationList = 84790A4B27FE167E00E8E450 /* Build configuration list for PBXProject "BoidSimulate" */;
			compatibilityVersion = "Xcode 13.0";
			developmentRegion = en;
			hasScannedForEncodings = 0;
			knownRegions = (
				en,
				Base,
			);
			mainGroup = 84790A4727FE167E00E8E450;
			productRefGroup = 84790A5127FE167E00E8E450 /* Products */;
			projectDirPath = "";
			projectRoot = "";
			targets = (
				84790A4F27FE167E00E8E450 /* BoidSimulate */,
			);
		};
/* End PBXProject section */

/* Begin PBXResourcesBuildPhase section */
		84790A4E27FE167E00E8E450 /* Resources */ = {
			isa = PBXResourcesBuildPhase;
			buildActionMask = 2147483647;
			files = (
				84790A5627FE167E00E8E450 /* GameScene.sks in Resources */,
				84790A5E27FE168000E8E450 /* Assets.xcassets in Resources */,
				84790A5827FE167E00E8E450 /* Actions.sks in Resources */,
				84790A6127FE168000E8E450 /* Main.storyboard in Resources */,
			);
			runOnlyForDeploymentPostprocessing = 0;
		};
/* End PBXResourcesBuildPhase section */

/* Begin PBXSourcesBuildPhase section */
		84790A4C27FE167E00E8E450 /* Sources */ = {
			isa = PBXSourcesBuildPhase;
			buildActionMask = 2147483647;
			files = (
				849D123E28032A7F00535BE2 /* CGVector+Extension.swift in Sources */,
				84790A5C27FE167E00E8E450 /* ViewController.swift in Sources */,
				84790A5A27FE167E00E8E450 /* GameScene.swift in Sources */,
				849D124228032BA800535BE2 /* Boids.swift in Sources */,
				849D124028032AB700535BE2 /* CGPoint+Extension.swift in Sources */,
				84790A5427FE167E00E8E450 /* AppDelegate.swift in Sources */,
			);
			runOnlyForDeploymentPostprocessing = 0;
		};
/* End PBXSourcesBuildPhase section */

/* Begin PBXVariantGroup section */
		84790A5F27FE168000E8E450 /* Main.storyboard */ = {
			isa = PBXVariantGroup;
			children = (
				84790A6027FE168000E8E450 /* Base */,
			);
			name = Main.storyboard;
			sourceTree = "<group>";
		};
/* End PBXVariantGroup section */

/* Begin XCBuildConfiguration section */
		84790A6327FE168000E8E450 /* Debug */ = {
			isa = XCBuildConfiguration;
			buildSettings = {
				ALWAYS_SEARCH_USER_PATHS = NO;
				CLANG_ANALYZER_NONNULL = YES;
				CLANG_ANALYZER_NUMBER_OBJECT_CONVERSION = YES_AGGRESSIVE;
				CLANG_CXX_LANGUAGE_STANDARD = "gnu++17";
				CLANG_CXX_LIBRARY = "libc++";
				CLANG_ENABLE_MODULES = YES;
				CLANG_ENABLE_OBJC_ARC = YES;
				CLANG_ENABLE_OBJC_WEAK = YES;
				CLANG_WARN_BLOCK_CAPTURE_AUTORELEASING = YES;
				CLANG_WARN_BOOL_CONVERSION = YES;
				CLANG_WARN_COMMA = YES;
				CLANG_WARN_CONSTANT_CONVERSION = YES;
				CLANG_WARN_DEPRECATED_OBJC_IMPLEMENTATIONS = YES;
				CLANG_WARN_DIRECT_OBJC_ISA_USAGE = YES_ERROR;
				CLANG_WARN_DOCUMENTATION_COMMENTS = YES;
				CLANG_WARN_EMPTY_BODY = YES;
				CLANG_WARN_ENUM_CONVERSION = YES;
				CLANG_WARN_INFINITE_RECURSION = YES;
				CLANG_WARN_INT_CONVERSION = YES;
				CLANG_WARN_NON_LITERAL_NULL_CONVERSION = YES;
				CLANG_WARN_OBJC_IMPLICIT_RETAIN_SELF = YES;
				CLANG_WARN_OBJC_LITERAL_CONVERSION = YES;
				CLANG_WARN_OBJC_ROOT_CLASS = YES_ERROR;
				CLANG_WARN_QUOTED_INCLUDE_IN_FRAMEWORK_HEADER = YES;
				CLANG_WARN_RANGE_LOOP_ANALYSIS = YES;
				CLANG_WARN_STRICT_PROTOTYPES = YES;
				CLANG_WARN_SUSPICIOUS_MOVE = YES;
				CLANG_WARN_UNGUARDED_AVAILABILITY = YES_AGGRESSIVE;
				CLANG_WARN_UNREACHABLE_CODE = YES;
				CLANG_WARN__DUPLICATE_METHOD_MATCH = YES;
				COPY_PHASE_STRIP = NO;
				DEBUG_INFORMATION_FORMAT = dwarf;
				ENABLE_STRICT_OBJC_MSGSEND = YES;
				ENABLE_TESTABILITY = YES;
				GCC_C_LANGUAGE_STANDARD = gnu11;
				GCC_DYNAMIC_NO_PIC = NO;
				GCC_NO_COMMON_BLOCKS = YES;
				GCC_OPTIMIZATION_LEVEL = 0;
				GCC_PREPROCESSOR_DEFINITIONS = (
					"DEBUG=1",
					"$(inherited)",
				);
				GCC_WARN_64_TO_32_BIT_CONVERSION = YES;
				GCC_WARN_ABOUT_RETURN_TYPE = YES_ERROR;
				GCC_WARN_UNDECLARED_SELECTOR = YES;
				GCC_WARN_UNINITIALIZED_AUTOS = YES_AGGRESSIVE;
				GCC_WARN_UNUSED_FUNCTION = YES;
				GCC_WARN_UNUSED_VARIABLE = YES;
				MACOSX_DEPLOYMENT_TARGET = 12.1;
				MTL_ENABLE_DEBUG_INFO = INCLUDE_SOURCE;
				MTL_FAST_MATH = YES;
				ONLY_ACTIVE_ARCH = YES;
				SDKROOT = macosx;
				SWIFT_ACTIVE_COMPILATION_CONDITIONS = DEBUG;
				SWIFT_OPTIMIZATION_LEVEL = "-Onone";
			};
			name = Debug;
		};
		84790A6427FE168000E8E450 /* Release */ = {
			isa = XCBuildConfiguration;
			buildSettings = {
				ALWAYS_SEARCH_USER_PATHS = NO;
				CLANG_ANALYZER_NONNULL = YES;
				CLANG_ANALYZER_NUMBER_OBJECT_CONVERSION = YES_AGGRESSIVE;
				CLANG_CXX_LANGUAGE_STANDARD = "gnu++17";
				CLANG_CXX_LIBRARY = "libc++";
				CLANG_ENABLE_MODULES = YES;
				CLANG_ENABLE_OBJC_ARC = YES;
				CLANG_ENABLE_OBJC_WEAK = YES;
				CLANG_WARN_BLOCK_CAPTURE_AUTORELEASING = YES;
				CLANG_WARN_BOOL_CONVERSION = YES;
				CLANG_WARN_COMMA = YES;
				CLANG_WARN_CONSTANT_CONVERSION = YES;
				CLANG_WARN_DEPRECATED_OBJC_IMPLEMENTATIONS = YES;
				CLANG_WARN_DIRECT_OBJC_ISA_USAGE = YES_ERROR;
				CLANG_WARN_DOCUMENTATION_COMMENTS = YES;
				CLANG_WARN_EMPTY_BODY = YES;
				CLANG_WARN_ENUM_CONVERSION = YES;
				CLANG_WARN_INFINITE_RECURSION = YES;
				CLANG_WARN_INT_CONVERSION = YES;
				CLANG_WARN_NON_LITERAL_NULL_CONVERSION = YES;
				CLANG_WARN_OBJC_IMPLICIT_RETAIN_SELF = YES;
				CLANG_WARN_OBJC_LITERAL_CONVERSION = YES;
				CLANG_WARN_OBJC_ROOT_CLASS = YES_ERROR;
				CLANG_WARN_QUOTED_INCLUDE_IN_FRAMEWORK_HEADER = YES;
				CLANG_WARN_RANGE_LOOP_ANALYSIS = YES;
				CLANG_WARN_STRICT_PROTOTYPES = YES;
				CLANG_WARN_SUSPICIOUS_MOVE = YES;
				CLANG_WARN_UNGUARDED_AVAILABILITY = YES_AGGRESSIVE;
				CLANG_WARN_UNREACHABLE_CODE = YES;
				CLANG_WARN__DUPLICATE_METHOD_MATCH = YES;
				COPY_PHASE_STRIP = NO;
				DEBUG_INFORMATION_FORMAT = "dwarf-with-dsym";
				ENABLE_NS_ASSERTIONS = NO;
				ENABLE_STRICT_OBJC_MSGSEND = YES;
				GCC_C_LANGUAGE_STANDARD = gnu11;
				GCC_NO_COMMON_BLOCKS = YES;
				GCC_WARN_64_TO_32_BIT_CONVERSION = YES;
				GCC_WARN_ABOUT_RETURN_TYPE = YES_ERROR;
				GCC_WARN_UNDECLARED_SELECTOR = YES;
				GCC_WARN_UNINITIALIZED_AUTOS = YES_AGGRESSIVE;
				GCC_WARN_UNUSED_FUNCTION = YES;
				GCC_WARN_UNUSED_VARIABLE = YES;
				MACOSX_DEPLOYMENT_TARGET = 12.1;
				MTL_ENABLE_DEBUG_INFO = NO;
				MTL_FAST_MATH = YES;
				SDKROOT = macosx;
				SWIFT_COMPILATION_MODE = wholemodule;
				SWIFT_OPTIMIZATION_LEVEL = "-O";
			};
			name = Release;
		};
		84790A6627FE168000E8E450 /* Debug */ = {
			isa = XCBuildConfiguration;
			buildSettings = {
				ASSETCATALOG_COMPILER_APPICON_NAME = AppIcon;
				ASSETCATALOG_COMPILER_GLOBAL_ACCENT_COLOR_NAME = AccentColor;
				CODE_SIGN_ENTITLEMENTS = BoidSimulate/BoidSimulate.entitlements;
				CODE_SIGN_STYLE = Automatic;
				COMBINE_HIDPI_IMAGES = YES;
				CURRENT_PROJECT_VERSION = 1;
				GENERATE_INFOPLIST_FILE = YES;
				INFOPLIST_KEY_NSHumanReadableCopyright = "";
				INFOPLIST_KEY_NSMainStoryboardFile = Main;
				INFOPLIST_KEY_NSPrincipalClass = NSApplication;
				LD_RUNPATH_SEARCH_PATHS = (
					"$(inherited)",
					"@executable_path/../Frameworks",
				);
				MARKETING_VERSION = 1.0;
				PRODUCT_BUNDLE_IDENTIFIER = com.application.BoidSimulate;
				PRODUCT_NAME = "$(TARGET_NAME)";
				SWIFT_EMIT_LOC_STRINGS = YES;
				SWIFT_VERSION = 5.0;
			};
			name = Debug;
		};
		84790A6727FE168000E8E450 /* Release */ = {
			isa = XCBuildConfiguration;
			buildSettings = {
				ASSETCATALOG_COMPILER_APPICON_NAME = AppIcon;
				ASSETCATALOG_COMPILER_GLOBAL_ACCENT_COLOR_NAME = AccentColor;
				CODE_SIGN_ENTITLEMENTS = BoidSimulate/BoidSimulate.entitlements;
				CODE_SIGN_STYLE = Automatic;
				COMBINE_HIDPI_IMAGES = YES;
				CURRENT_PROJECT_VERSION = 1;
				GENERATE_INFOPLIST_FILE = YES;
				INFOPLIST_KEY_NSHumanReadableCopyright = "";
				INFOPLIST_KEY_NSMainStoryboardFile = Main;
				INFOPLIST_KEY_NSPrincipalClass = NSApplication;
				LD_RUNPATH_SEARCH_PATHS = (
					"$(inherited)",
					"@executable_path/../Frameworks",
				);
				MARKETING_VERSION = 1.0;
				PRODUCT_BUNDLE_IDENTIFIER = com.application.BoidSimulate;
				PRODUCT_NAME = "$(TARGET_NAME)";
				SWIFT_EMIT_LOC_STRINGS = YES;
				SWIFT_VERSION = 5.0;
			};
			name = Release;
		};
/* End XCBuildConfiguration section */

/* Begin XCConfigurationList section */
		84790A4B27FE167E00E8E450 /* Build configuration list for PBXProject "BoidSimulate" */ = {
			isa = XCConfigurationList;
			buildConfigurations = (
				84790A6327FE168000E8E450 /* Debug */,
				84790A6427FE168000E8E450 /* Release */,
			);
			defaultConfigurationIsVisible = 0;
			defaultConfigurationName = Release;
		};
		84790A6527FE168000E8E450 /* Build configuration list for PBXNativeTarget "BoidSimulate" */ = {
			isa = XCConfigurationList;
			buildConfigurations = (
				84790A6627FE168000E8E450 /* Debug */,
				84790A6727FE168000E8E450 /* Release */,
			);
			defaultConfigurationIsVisible = 0;
			defaultConfigurationName = Release;
		};
/* End XCConfigurationList section */
	};
	rootObject = 84790A4827FE167E00E8E450 /* Project object */;
}
